
Microsoft Visual Studio Solution File, Format Version 12.00
# Visual Studio 15
VisualStudioVersion = 15.0.27428.1
MinimumVisualStudioVersion = 10.0.40219.1
Project("{FAE04EC0-301F-11D3-BF4B-00C04F79EFBC}") = "MyStore", "MyStore\MyStore.csproj", "{0518C554-8EF8-47C3-A6B5-E581D6309443}"
EndProject
Global
	GlobalSection(SolutionConfigurationPlatforms) = preSolution
		Debug|Any CPU = Debug|Any CPU
		Release|Any CPU = Release|Any CPU
	EndGlobalSection
	GlobalSection(ProjectConfigurationPlatforms) = postSolution
		{0518C554-8EF8-47C3-A6B5-E581D6309443}.Debug|Any CPU.ActiveCfg = Debug|Any CPU
		{0518C554-8EF8-47C3-A6B5-E581D6309443}.Debug|Any CPU.Build.0 = Debug|Any CPU
		{0518C554-8EF8-47C3-A6B5-E581D6309443}.Release|Any CPU.ActiveCfg = Release|Any CPU
		{0518C554-8EF8-47C3-A6B5-E581D6309443}.Release|Any CPU.Build.0 = Release|Any CPU
	EndGlobalSection
	GlobalSection(SolutionProperties) = preSolution
		HideSolutionNode = FALSE
	EndGlobalSection
	GlobalSection(ExtensibilityGlobals) = postSolution
		SolutionGuid = {E67FC7FE-99EB-4783-9A03-63DD7884DAA3}
	EndGlobalSection
EndGlobal
